
Microsoft Visual Studio Solution File, Format Version 12.00
# Visual Studio Version 17
VisualStudioVersion = 17.13.35806.99 d17.13
MinimumVisualStudioVersion = 10.0.40219.1
Project("{FAE04EC0-301F-11D3-BF4B-00C04F79EFBC}") = "CoD Cheater Report", "CoD Cheater Report.csproj", "{EE4701B4-FA27-43FF-BC9D-41E6ECD7C111}"
EndProject
Global
	GlobalSection(SolutionConfigurationPlatforms) = preSolution
		Debug|Any CPU = Debug|Any CPU
		Release|Any CPU = Release|Any CPU
	EndGlobalSection
	GlobalSection(ProjectConfigurationPlatforms) = postSolution
		{EE4701B4-FA27-43FF-BC9D-41E6ECD7C111}.Debug|Any CPU.ActiveCfg = Debug|Any CPU
		{EE4701B4-FA27-43FF-BC9D-41E6ECD7C111}.Debug|Any CPU.Build.0 = Debug|Any CPU
		{EE4701B4-FA27-43FF-BC9D-41E6ECD7C111}.Release|Any CPU.ActiveCfg = Release|Any CPU
		{EE4701B4-FA27-43FF-BC9D-41E6ECD7C111}.Release|Any CPU.Build.0 = Release|Any CPU
	EndGlobalSection
	GlobalSection(SolutionProperties) = preSolution
		HideSolutionNode = FALSE
	EndGlobalSection
	GlobalSection(ExtensibilityGlobals) = postSolution
		SolutionGuid = {ACB4F2C7-3FC1-4505-A9E4-93E01D093F1F}
	EndGlobalSection
EndGlobal
